
Microsoft Visual Studio Solution File, Format Version 12.00
# Visual Studio Version 17
VisualStudioVersion = 17.0.31903.59
MinimumVisualStudioVersion = 10.0.40219.1
Project("{2150E333-8FDC-42A3-9474-1A3956D46DE8}") = "Src", "Src", "{827E0CD3-B72D-47B6-A68D-7590B98EB39B}"
EndProject
Project("{2150E333-8FDC-42A3-9474-1A3956D46DE8}") = "ApiGateway", "ApiGateway", "{FCA01246-F2C6-0AA7-D43F-FD13BE0B9D88}"
EndProject
Project("{FAE04EC0-301F-11D3-BF4B-00C04F79EFBC}") = "ApiGateway", "Src\ApiGateway\ApiGateway\ApiGateway.csproj", "{97BF15B2-9202-4595-AC7D-5643929B679D}"
EndProject
Project("{2150E333-8FDC-42A3-9474-1A3956D46DE8}") = "ProductService", "ProductService", "{F34E43FA-627A-8966-7BCB-0DBE3D5440B1}"
EndProject
Project("{FAE04EC0-301F-11D3-BF4B-00C04F79EFBC}") = "ProductService", "Src\ProductService\ProductService\ProductService.csproj", "{D3F2D7F0-5A98-4428-92C5-5E3129ADB166}"
EndProject
Project("{2150E333-8FDC-42A3-9474-1A3956D46DE8}") = "OrderService", "OrderService", "{D5064FC8-1F49-54B6-E1C8-B23A6140528A}"
EndProject
Project("{FAE04EC0-301F-11D3-BF4B-00C04F79EFBC}") = "OrderService", "Src\OrderService\OrderService\OrderService.csproj", "{BA4FEAD8-1C3E-4401-804F-FB9CAD31CC5A}"
EndProject
Project("{2150E333-8FDC-42A3-9474-1A3956D46DE8}") = "PaymentService", "PaymentService", "{A0C94347-73E4-1EE9-412B-13A38E3B0A6F}"
EndProject
Project("{FAE04EC0-301F-11D3-BF4B-00C04F79EFBC}") = "PaymentService", "Src\PaymentService\PaymentService\PaymentService.csproj", "{1313F6A8-079D-47E1-9EB2-AD79296973C5}"
EndProject
Project("{2150E333-8FDC-42A3-9474-1A3956D46DE8}") = "NotificationService", "NotificationService", "{9ED238A0-938C-9A3F-DDEA-9079E74DEC51}"
EndProject
Project("{FAE04EC0-301F-11D3-BF4B-00C04F79EFBC}") = "NotificationService", "Src\NotificationService\NotificationService\NotificationService.csproj", "{9D55B738-95FA-4C07-8A89-475310316FA4}"
EndProject
Project("{2150E333-8FDC-42A3-9474-1A3956D46DE8}") = "IdentityService", "IdentityService", "{F8B90FFE-BB37-8A69-F901-2B9289615797}"
EndProject
Project("{FAE04EC0-301F-11D3-BF4B-00C04F79EFBC}") = "IdentityService", "Src\IdentityService\IdentityService\IdentityService.csproj", "{EC45C851-67FC-4325-88DE-AD1EF0DB3462}"
EndProject
Global
	GlobalSection(SolutionConfigurationPlatforms) = preSolution
		Debug|Any CPU = Debug|Any CPU
		Debug|x64 = Debug|x64
		Debug|x86 = Debug|x86
		Release|Any CPU = Release|Any CPU
		Release|x64 = Release|x64
		Release|x86 = Release|x86
	EndGlobalSection
	GlobalSection(ProjectConfigurationPlatforms) = postSolution
		{97BF15B2-9202-4595-AC7D-5643929B679D}.Debug|Any CPU.ActiveCfg = Debug|Any CPU
		{97BF15B2-9202-4595-AC7D-5643929B679D}.Debug|Any CPU.Build.0 = Debug|Any CPU
		{97BF15B2-9202-4595-AC7D-5643929B679D}.Debug|x64.ActiveCfg = Debug|Any CPU
		{97BF15B2-9202-4595-AC7D-5643929B679D}.Debug|x64.Build.0 = Debug|Any CPU
		{97BF15B2-9202-4595-AC7D-5643929B679D}.Debug|x86.ActiveCfg = Debug|Any CPU
		{97BF15B2-9202-4595-AC7D-5643929B679D}.Debug|x86.Build.0 = Debug|Any CPU
		{97BF15B2-9202-4595-AC7D-5643929B679D}.Release|Any CPU.ActiveCfg = Release|Any CPU
		{97BF15B2-9202-4595-AC7D-5643929B679D}.Release|Any CPU.Build.0 = Release|Any CPU
		{97BF15B2-9202-4595-AC7D-5643929B679D}.Release|x64.ActiveCfg = Release|Any CPU
		{97BF15B2-9202-4595-AC7D-5643929B679D}.Release|x64.Build.0 = Release|Any CPU
		{97BF15B2-9202-4595-AC7D-5643929B679D}.Release|x86.ActiveCfg = Release|Any CPU
		{97BF15B2-9202-4595-AC7D-5643929B679D}.Release|x86.Build.0 = Release|Any CPU
		{D3F2D7F0-5A98-4428-92C5-5E3129ADB166}.Debug|Any CPU.ActiveCfg = Debug|Any CPU
		{D3F2D7F0-5A98-4428-92C5-5E3129ADB166}.Debug|Any CPU.Build.0 = Debug|Any CPU
		{D3F2D7F0-5A98-4428-92C5-5E3129ADB166}.Debug|x64.ActiveCfg = Debug|Any CPU
		{D3F2D7F0-5A98-4428-92C5-5E3129ADB166}.Debug|x64.Build.0 = Debug|Any CPU
		{D3F2D7F0-5A98-4428-92C5-5E3129ADB166}.Debug|x86.ActiveCfg = Debug|Any CPU
		{D3F2D7F0-5A98-4428-92C5-5E3129ADB166}.Debug|x86.Build.0 = Debug|Any CPU
		{D3F2D7F0-5A98-4428-92C5-5E3129ADB166}.Release|Any CPU.ActiveCfg = Release|Any CPU
		{D3F2D7F0-5A98-4428-92C5-5E3129ADB166}.Release|Any CPU.Build.0 = Release|Any CPU
		{D3F2D7F0-5A98-4428-92C5-5E3129ADB166}.Release|x64.ActiveCfg = Release|Any CPU
		{D3F2D7F0-5A98-4428-92C5-5E3129ADB166}.Release|x64.Build.0 = Release|Any CPU
		{D3F2D7F0-5A98-4428-92C5-5E3129ADB166}.Release|x86.ActiveCfg = Release|Any CPU
		{D3F2D7F0-5A98-4428-92C5-5E3129ADB166}.Release|x86.Build.0 = Release|Any CPU
		{BA4FEAD8-1C3E-4401-804F-FB9CAD31CC5A}.Debug|Any CPU.ActiveCfg = Debug|Any CPU
		{BA4FEAD8-1C3E-4401-804F-FB9CAD31CC5A}.Debug|Any CPU.Build.0 = Debug|Any CPU
		{BA4FEAD8-1C3E-4401-804F-FB9CAD31CC5A}.Debug|x64.ActiveCfg = Debug|Any CPU
		{BA4FEAD8-1C3E-4401-804F-FB9CAD31CC5A}.Debug|x64.Build.0 = Debug|Any CPU
		{BA4FEAD8-1C3E-4401-804F-FB9CAD31CC5A}.Debug|x86.ActiveCfg = Debug|Any CPU
		{BA4FEAD8-1C3E-4401-804F-FB9CAD31CC5A}.Debug|x86.Build.0 = Debug|Any CPU
		{BA4FEAD8-1C3E-4401-804F-FB9CAD31CC5A}.Release|Any CPU.ActiveCfg = Release|Any CPU
		{BA4FEAD8-1C3E-4401-804F-FB9CAD31CC5A}.Release|Any CPU.Build.0 = Release|Any CPU
		{BA4FEAD8-1C3E-4401-804F-FB9CAD31CC5A}.Release|x64.ActiveCfg = Release|Any CPU
		{BA4FEAD8-1C3E-4401-804F-FB9CAD31CC5A}.Release|x64.Build.0 = Release|Any CPU
		{BA4FEAD8-1C3E-4401-804F-FB9CAD31CC5A}.Release|x86.ActiveCfg = Release|Any CPU
		{BA4FEAD8-1C3E-4401-804F-FB9CAD31CC5A}.Release|x86.Build.0 = Release|Any CPU
		{1313F6A8-079D-47E1-9EB2-AD79296973C5}.Debug|Any CPU.ActiveCfg = Debug|Any CPU
		{1313F6A8-079D-47E1-9EB2-AD79296973C5}.Debug|Any CPU.Build.0 = Debug|Any CPU
		{1313F6A8-079D-47E1-9EB2-AD79296973C5}.Debug|x64.ActiveCfg = Debug|Any CPU
		{1313F6A8-079D-47E1-9EB2-AD79296973C5}.Debug|x64.Build.0 = Debug|Any CPU
		{1313F6A8-079D-47E1-9EB2-AD79296973C5}.Debug|x86.ActiveCfg = Debug|Any CPU
		{1313F6A8-079D-47E1-9EB2-AD79296973C5}.Debug|x86.Build.0 = Debug|Any CPU
		{1313F6A8-079D-47E1-9EB2-AD79296973C5}.Release|Any CPU.ActiveCfg = Release|Any CPU
		{1313F6A8-079D-47E1-9EB2-AD79296973C5}.Release|Any CPU.Build.0 = Release|Any CPU
		{1313F6A8-079D-47E1-9EB2-AD79296973C5}.Release|x64.ActiveCfg = Release|Any CPU
		{1313F6A8-079D-47E1-9EB2-AD79296973C5}.Release|x64.Build.0 = Release|Any CPU
		{1313F6A8-079D-47E1-9EB2-AD79296973C5}.Release|x86.ActiveCfg = Release|Any CPU
		{1313F6A8-079D-47E1-9EB2-AD79296973C5}.Release|x86.Build.0 = Release|Any CPU
		{9D55B738-95FA-4C07-8A89-475310316FA4}.Debug|Any CPU.ActiveCfg = Debug|Any CPU
		{9D55B738-95FA-4C07-8A89-475310316FA4}.Debug|Any CPU.Build.0 = Debug|Any CPU
		{9D55B738-95FA-4C07-8A89-475310316FA4}.Debug|x64.ActiveCfg = Debug|Any CPU
		{9D55B738-95FA-4C07-8A89-475310316FA4}.Debug|x64.Build.0 = Debug|Any CPU
		{9D55B738-95FA-4C07-8A89-475310316FA4}.Debug|x86.ActiveCfg = Debug|Any CPU
		{9D55B738-95FA-4C07-8A89-475310316FA4}.Debug|x86.Build.0 = Debug|Any CPU
		{9D55B738-95FA-4C07-8A89-475310316FA4}.Release|Any CPU.ActiveCfg = Release|Any CPU
		{9D55B738-95FA-4C07-8A89-475310316FA4}.Release|Any CPU.Build.0 = Release|Any CPU
		{9D55B738-95FA-4C07-8A89-475310316FA4}.Release|x64.ActiveCfg = Release|Any CPU
		{9D55B738-95FA-4C07-8A89-475310316FA4}.Release|x64.Build.0 = Release|Any CPU
		{9D55B738-95FA-4C07-8A89-475310316FA4}.Release|x86.ActiveCfg = Release|Any CPU
		{9D55B738-95FA-4C07-8A89-475310316FA4}.Release|x86.Build.0 = Release|Any CPU
		{EC45C851-67FC-4325-88DE-AD1EF0DB3462}.Debug|Any CPU.ActiveCfg = Debug|Any CPU
		{EC45C851-67FC-4325-88DE-AD1EF0DB3462}.Debug|Any CPU.Build.0 = Debug|Any CPU
		{EC45C851-67FC-4325-88DE-AD1EF0DB3462}.Debug|x64.ActiveCfg = Debug|Any CPU
		{EC45C851-67FC-4325-88DE-AD1EF0DB3462}.Debug|x64.Build.0 = Debug|Any CPU
		{EC45C851-67FC-4325-88DE-AD1EF0DB3462}.Debug|x86.ActiveCfg = Debug|Any CPU
		{EC45C851-67FC-4325-88DE-AD1EF0DB3462}.Debug|x86.Build.0 = Debug|Any CPU
		{EC45C851-67FC-4325-88DE-AD1EF0DB3462}.Release|Any CPU.ActiveCfg = Release|Any CPU
		{EC45C851-67FC-4325-88DE-AD1EF0DB3462}.Release|Any CPU.Build.0 = Release|Any CPU
		{EC45C851-67FC-4325-88DE-AD1EF0DB3462}.Release|x64.ActiveCfg = Release|Any CPU
		{EC45C851-67FC-4325-88DE-AD1EF0DB3462}.Release|x64.Build.0 = Release|Any CPU
		{EC45C851-67FC-4325-88DE-AD1EF0DB3462}.Release|x86.ActiveCfg = Release|Any CPU
		{EC45C851-67FC-4325-88DE-AD1EF0DB3462}.Release|x86.Build.0 = Release|Any CPU
	EndGlobalSection
	GlobalSection(SolutionProperties) = preSolution
		HideSolutionNode = FALSE
	EndGlobalSection
	GlobalSection(NestedProjects) = preSolution
		{FCA01246-F2C6-0AA7-D43F-FD13BE0B9D88} = {827E0CD3-B72D-47B6-A68D-7590B98EB39B}
		{97BF15B2-9202-4595-AC7D-5643929B679D} = {FCA01246-F2C6-0AA7-D43F-FD13BE0B9D88}
		{F34E43FA-627A-8966-7BCB-0DBE3D5440B1} = {827E0CD3-B72D-47B6-A68D-7590B98EB39B}
		{D3F2D7F0-5A98-4428-92C5-5E3129ADB166} = {F34E43FA-627A-8966-7BCB-0DBE3D5440B1}
		{D5064FC8-1F49-54B6-E1C8-B23A6140528A} = {827E0CD3-B72D-47B6-A68D-7590B98EB39B}
		{BA4FEAD8-1C3E-4401-804F-FB9CAD31CC5A} = {D5064FC8-1F49-54B6-E1C8-B23A6140528A}
		{A0C94347-73E4-1EE9-412B-13A38E3B0A6F} = {827E0CD3-B72D-47B6-A68D-7590B98EB39B}
		{1313F6A8-079D-47E1-9EB2-AD79296973C5} = {A0C94347-73E4-1EE9-412B-13A38E3B0A6F}
		{9ED238A0-938C-9A3F-DDEA-9079E74DEC51} = {827E0CD3-B72D-47B6-A68D-7590B98EB39B}
		{9D55B738-95FA-4C07-8A89-475310316FA4} = {9ED238A0-938C-9A3F-DDEA-9079E74DEC51}
		{F8B90FFE-BB37-8A69-F901-2B9289615797} = {827E0CD3-B72D-47B6-A68D-7590B98EB39B}
		{EC45C851-67FC-4325-88DE-AD1EF0DB3462} = {F8B90FFE-BB37-8A69-F901-2B9289615797}
	EndGlobalSection
	GlobalSection(ExtensibilityGlobals) = postSolution
		SolutionGuid = {9F7B1679-0FB0-4A70-8F47-7ABBB25A7B9A}
	EndGlobalSection
EndGlobal
